
Microsoft Visual Studio Solution File, Format Version 11.00
# Visual Studio 2010
Project("{FAE04EC0-301F-11D3-BF4B-00C04F79EFBC}") = "Assembly-CSharp", "Assembly-CSharp.csproj", "{ede92e7d-4578-07bc-1c3a-d1a9c45cbec1}"
EndProject
Project("{FAE04EC0-301F-11D3-BF4B-00C04F79EFBC}") = "EditorMigrationScripts", "EditorMigrationScripts.csproj", "{c39be2a0-c57c-4d78-e4d5-f7b20396c52d}"
EndProject
Global
	GlobalSection(SolutionConfigurationPlatforms) = preSolution
		Debug|Any CPU = Debug|Any CPU
	EndGlobalSection
	GlobalSection(ProjectConfigurationPlatforms) = postSolution
		{ede92e7d-4578-07bc-1c3a-d1a9c45cbec1}.Debug|Any CPU.ActiveCfg = Debug|Any CPU
		{ede92e7d-4578-07bc-1c3a-d1a9c45cbec1}.Debug|Any CPU.Build.0 = Debug|Any CPU
		{c39be2a0-c57c-4d78-e4d5-f7b20396c52d}.Debug|Any CPU.ActiveCfg = Debug|Any CPU
		{c39be2a0-c57c-4d78-e4d5-f7b20396c52d}.Debug|Any CPU.Build.0 = Debug|Any CPU
	EndGlobalSection
	GlobalSection(SolutionProperties) = preSolution
		HideSolutionNode = FALSE
	EndGlobalSection
EndGlobal
