
Microsoft Visual Studio Solution File, Format Version 11.00
# Visual Studio 2010
Project("{FAE04EC0-301F-11D3-BF4B-00C04F79EFBC}") = "Assembly-CSharp", "Assembly-CSharp.csproj", "{7D2EE9ED-7845-BC07-1C3A-D1A9C45CBEC1}"
EndProject
Project("{FAE04EC0-301F-11D3-BF4B-00C04F79EFBC}") = "EditorMigrationScripts", "EditorMigrationScripts.csproj", "{A0E29BC3-7CC5-784D-E4D5-F7B20396C52D}"
EndProject
Global
	GlobalSection(SolutionConfigurationPlatforms) = preSolution
		Debug|Any CPU = Debug|Any CPU
		Release|Any CPU = Release|Any CPU
	EndGlobalSection
	GlobalSection(ProjectConfigurationPlatforms) = postSolution
		{7D2EE9ED-7845-BC07-1C3A-D1A9C45CBEC1}.Debug|Any CPU.ActiveCfg = Debug|Any CPU
		{7D2EE9ED-7845-BC07-1C3A-D1A9C45CBEC1}.Debug|Any CPU.Build.0 = Debug|Any CPU
		{7D2EE9ED-7845-BC07-1C3A-D1A9C45CBEC1}.Release|Any CPU.ActiveCfg = Release|Any CPU
		{7D2EE9ED-7845-BC07-1C3A-D1A9C45CBEC1}.Release|Any CPU.Build.0 = Release|Any CPU
		{A0E29BC3-7CC5-784D-E4D5-F7B20396C52D}.Debug|Any CPU.ActiveCfg = Debug|Any CPU
		{A0E29BC3-7CC5-784D-E4D5-F7B20396C52D}.Debug|Any CPU.Build.0 = Debug|Any CPU
		{A0E29BC3-7CC5-784D-E4D5-F7B20396C52D}.Release|Any CPU.ActiveCfg = Release|Any CPU
		{A0E29BC3-7CC5-784D-E4D5-F7B20396C52D}.Release|Any CPU.Build.0 = Release|Any CPU
	EndGlobalSection
	GlobalSection(SolutionProperties) = preSolution
		HideSolutionNode = FALSE
	EndGlobalSection
EndGlobal
